{
  "name": "skillbook",
  "version": "0.1.0",
  "lockfileVersion": 3,
  "requires": true,
  "packages": {
    "": {
      "name": "skillbook",
      "version": "0.1.0",
      "license": "MIT",
      "dependencies": {
        "lnurl-auth": "^1.4.1",
        "nostr-auth": "^1.0.0"
      }
    },
    "node_modules/lnurl-auth": {
      "version": "1.4.1",
      "resolved": "https://registry.npmjs.org/lnurl-auth/-/lnurl-auth-1.4.1.tgz",
      "integrity": "sha512-8vB4p+N+7gR/ocWDKbfS1hGdYeGs/a+WpKZnMDw83IoD4K/ZldfGLdzZNig8EP5jV6PQPQxwR2pwYSSA6d0yEA==",
      "license": "MIT",
      "bin": {
        "lnurl-auth": "lnurl_auth.js"
      },
      "engines": {
        "node": ">=20.19.0"
      }
    },
    "node_modules/nostr-auth": {
      "version": "1.0.0",
      "resolved": "git+ssh://git@github.com/dyegolara/nostr-auth-agents.git#743a019bf4f19874ac40ff6babd1b93c441a0d84",
      "license": "MIT",
      "bin": {
        "nostr-auth": "nostr_auth.js"
      },
      "engines": {
        "node": ">=20.19.0"
      }
    }
  }
}
